
Microsoft Visual Studio Solution File, Format Version 12.00
# Visual Studio Version 16
VisualStudioVersion = 16.0.31605.320
MinimumVisualStudioVersion = 10.0.40219.1
Project("{FAE04EC0-301F-11D3-BF4B-00C04F79EFBC}") = "LaserRecolor", "LaserRecolor.csproj", "{8B5EEE05-BF66-4562-9A22-CF860095B19A}"
EndProject
Global
	GlobalSection(SolutionConfigurationPlatforms) = preSolution
		Debug|Any CPU = Debug|Any CPU
		Release|Any CPU = Release|Any CPU
	EndGlobalSection
	GlobalSection(ProjectConfigurationPlatforms) = postSolution
		{8B5EEE05-BF66-4562-9A22-CF860095B19A}.Debug|Any CPU.ActiveCfg = Debug|Any CPU
		{8B5EEE05-BF66-4562-9A22-CF860095B19A}.Debug|Any CPU.Build.0 = Debug|Any CPU
		{8B5EEE05-BF66-4562-9A22-CF860095B19A}.Release|Any CPU.ActiveCfg = Release|Any CPU
		{8B5EEE05-BF66-4562-9A22-CF860095B19A}.Release|Any CPU.Build.0 = Release|Any CPU
	EndGlobalSection
	GlobalSection(SolutionProperties) = preSolution
		HideSolutionNode = FALSE
	EndGlobalSection
	GlobalSection(ExtensibilityGlobals) = postSolution
		SolutionGuid = {B3ECCB34-FAD3-449F-BA1D-6A75AA18598A}
	EndGlobalSection
EndGlobal
